
Microsoft Visual Studio Solution File, Format Version 12.00
Project("{FAE04EC0-301F-11D3-BF4B-00C04F79EFBC}") = "Work1", "Homework1\Work1\Work1.csproj", "{D74AA78A-3178-4656-828C-8A051C1F1FF1}"
EndProject
Project("{FAE04EC0-301F-11D3-BF4B-00C04F79EFBC}") = "Work2", "Homework1\Work2\Work2.csproj", "{B3FFE4A0-B4E6-49EA-B780-3953BC3BCECA}"
EndProject
Project("{FAE04EC0-301F-11D3-BF4B-00C04F79EFBC}") = "Work3", "Homework1\Work3\Work3.csproj", "{2E2ED9F6-1D64-4652-9E82-B248F0B365FD}"
EndProject
Project("{FAE04EC0-301F-11D3-BF4B-00C04F79EFBC}") = "Work4", "Homework1\Work4\Work4.csproj", "{B165EAB1-2E52-41D4-87C0-1E2303969468}"
EndProject
Project("{FAE04EC0-301F-11D3-BF4B-00C04F79EFBC}") = "Example001_HelloConsole", "Lesson1\Example001_HelloConsole\Example001_HelloConsole.csproj", "{3A011990-A55F-4E0B-97B5-E64EE1DDA84B}"
EndProject
Project("{FAE04EC0-301F-11D3-BF4B-00C04F79EFBC}") = "Example002_HelloUser", "Lesson1\Example002_HelloUser\Example002_HelloUser.csproj", "{DB9F4F33-C902-4C01-B53A-2C23C8ABF790}"
EndProject
Project("{FAE04EC0-301F-11D3-BF4B-00C04F79EFBC}") = "Example003_Summa", "Lesson1\Example003_Summa\Example003_Summa.csproj", "{9C83B633-B669-4FA5-B0E9-0D21F93B7E2B}"
EndProject
Project("{2150E333-8FDC-42A3-9474-1A3956D46DE8}") = "Lesson2", "Lesson2", "{9FF424F3-4B43-43A7-BA8D-089F69D2A19A}"
EndProject
Project("{2150E333-8FDC-42A3-9474-1A3956D46DE8}") = "Lesson1", "Lesson1", "{E598B1EB-4961-44B7-88E9-2104150B145B}"
EndProject
Project("{FAE04EC0-301F-11D3-BF4B-00C04F79EFBC}") = "Example004_Div", "Lesson1\Example004_Div\Example004_Div.csproj", "{1D39A938-5744-44EA-981B-0A6AFEC03D72}"
EndProject
Project("{FAE04EC0-301F-11D3-BF4B-00C04F79EFBC}") = "Example005_Condition_IfElse", "Lesson1\Example005_Condition_IfElse\Example005_Condition_IfElse.csproj", "{8807FC70-E04A-450D-B13C-DB0F0AF9759C}"
EndProject
Project("{FAE04EC0-301F-11D3-BF4B-00C04F79EFBC}") = "Example006_Base", "Lesson1\Example006_Base\Example006_Base.csproj", "{A684393A-0C92-4886-8B15-3BECE7923A08}"
EndProject
Project("{FAE04EC0-301F-11D3-BF4B-00C04F79EFBC}") = "Example007_Magic", "Lesson1\Example007_Magic\Example007_Magic.csproj", "{58684942-A657-4079-A5DC-43FC6BE5DD45}"
EndProject
Project("{2150E333-8FDC-42A3-9474-1A3956D46DE8}") = "Homework1", "Homework1", "{DEF31D67-BBAF-4B20-AA60-435FCAE2A191}"
EndProject
Project("{2150E333-8FDC-42A3-9474-1A3956D46DE8}") = "Webinar1", "Webinar1", "{4E8C9339-C715-48C1-A4FA-A92D0F48C6B4}"
EndProject
Project("{2150E333-8FDC-42A3-9474-1A3956D46DE8}") = "Webinar2", "Webinar2", "{583A39CC-D1D9-472D-9AA2-C758330C1B20}"
EndProject
Project("{2150E333-8FDC-42A3-9474-1A3956D46DE8}") = "Webinar3", "Webinar3", "{8E9FD0E8-13FA-4D42-9CD2-13EE5D8515DB}"
EndProject
Project("{FAE04EC0-301F-11D3-BF4B-00C04F79EFBC}") = "Task1", "Webinar1\Task1\Task1.csproj", "{97F669CF-CF1C-44A1-AE4D-80B85CCFB896}"
EndProject
Project("{FAE04EC0-301F-11D3-BF4B-00C04F79EFBC}") = "Task2", "Webinar1\Task2\Task2.csproj", "{55D0C25B-823C-4FD8-9396-5DCB449FC52A}"
EndProject
Project("{FAE04EC0-301F-11D3-BF4B-00C04F79EFBC}") = "Task3", "Webinar1\Task3\Task3.csproj", "{972219CD-B6C4-40B5-857B-608FA58788A2}"
EndProject
Project("{FAE04EC0-301F-11D3-BF4B-00C04F79EFBC}") = "Task4", "Webinar1\Task4\Task4.csproj", "{29FED189-6920-4F35-90D4-7CF79BE7D739}"
EndProject
Project("{FAE04EC0-301F-11D3-BF4B-00C04F79EFBC}") = "Task5", "Webinar1\Task5\Task5.csproj", "{0ABB5E7F-81B8-4D28-9FC4-C873C059551F}"
EndProject
Project("{FAE04EC0-301F-11D3-BF4B-00C04F79EFBC}") = "Example011_IntroMethod", "Lesson2\Example011_IntroMethod\Example011_IntroMethod.csproj", "{BEA30B19-8678-4FED-AA17-B1A06320429A}"
EndProject
Project("{FAE04EC0-301F-11D3-BF4B-00C04F79EFBC}") = "Example012_IntroArray", "Lesson2\Example012_IntroArray\Example012_IntroArray.csproj", "{5957E562-C1A9-4CC0-8B68-2044327B70D4}"
EndProject
Project("{FAE04EC0-301F-11D3-BF4B-00C04F79EFBC}") = "Example013_AraryLibrary", "Lesson2\Example013_AraryLibrary\Example013_AraryLibrary.csproj", "{1C3B250F-E4D7-4798-90EA-5FFA54F8652B}"
EndProject
Project("{FAE04EC0-301F-11D3-BF4B-00C04F79EFBC}") = "Task11", "Webinar2\Task11\Task11.csproj", "{5969319E-EF34-4720-BCB1-6CA87BE4A5B9}"
EndProject
Project("{FAE04EC0-301F-11D3-BF4B-00C04F79EFBC}") = "Task12", "Webinar2\Task12\Task12.csproj", "{A33637DF-0D18-4C81-9545-43CB7A72986C}"
EndProject
Project("{FAE04EC0-301F-11D3-BF4B-00C04F79EFBC}") = "Task13", "Webinar2\Task13\Task13.csproj", "{4FCA7DA0-3616-4CBD-88FE-A133845849B2}"
EndProject
Project("{FAE04EC0-301F-11D3-BF4B-00C04F79EFBC}") = "Task16", "Webinar2\Task16\Task16.csproj", "{4471A81D-DAF7-4FE5-B540-E81E9EFCDFA2}"
EndProject
Project("{2150E333-8FDC-42A3-9474-1A3956D46DE8}") = "Homework2", "Homework2", "{5ACA3565-3DB0-46D1-BE3A-470042EFEBD5}"
EndProject
Project("{FAE04EC0-301F-11D3-BF4B-00C04F79EFBC}") = "Work10", "Homework2\Work10\Work10.csproj", "{E2281113-3718-4DB3-B00D-EF71D2DB7790}"
EndProject
Project("{FAE04EC0-301F-11D3-BF4B-00C04F79EFBC}") = "Work13", "Homework2\Work13\Work13.csproj", "{039F29BB-0A47-4FE5-8BE6-012272525465}"
EndProject
Project("{FAE04EC0-301F-11D3-BF4B-00C04F79EFBC}") = "Work15", "Homework2\Work15\Work15.csproj", "{C90D3C06-E2D8-4709-890F-B2D2BBA365BF}"
EndProject
Project("{2150E333-8FDC-42A3-9474-1A3956D46DE8}") = "Homework3", "Homework3", "{7BB35C7C-33A4-4C55-BBAA-97176ECBB7B1}"
EndProject
Project("{FAE04EC0-301F-11D3-BF4B-00C04F79EFBC}") = "Work19", "Homework3\Work19\Work19.csproj", "{C6CCABC4-2421-457B-8915-32F783A59460}"
EndProject
Project("{FAE04EC0-301F-11D3-BF4B-00C04F79EFBC}") = "Work21", "Homework3\Work21\Work21.csproj", "{F8C97020-E954-4C92-9068-5DEB287DB43C}"
EndProject
Project("{FAE04EC0-301F-11D3-BF4B-00C04F79EFBC}") = "Work23", "Homework3\Work23\Work23.csproj", "{9BEFD6E1-66FE-47E9-B73A-4839C9C88FA1}"
EndProject
Project("{2150E333-8FDC-42A3-9474-1A3956D46DE8}") = "Homework4", "Homework4", "{0A3FBFEE-D3AE-4093-AB12-2C008F32B517}"
EndProject
Project("{2150E333-8FDC-42A3-9474-1A3956D46DE8}") = "Webinar4", "Webinar4", "{0F4D0DED-21E5-48FA-98EE-EDB8874B3FD2}"
EndProject
Project("{FAE04EC0-301F-11D3-BF4B-00C04F79EFBC}") = "Task24", "Webinar4\Task24\Task24.csproj", "{82EC867B-4BEF-48D4-8C15-329E5F73DE97}"
EndProject
Project("{FAE04EC0-301F-11D3-BF4B-00C04F79EFBC}") = "Task26", "Webinar4\Task26\Task26.csproj", "{7B63BBF3-94BB-44A0-8110-B19876EBCA63}"
EndProject
Project("{FAE04EC0-301F-11D3-BF4B-00C04F79EFBC}") = "Task28", "Webinar4\Task28\Task28.csproj", "{93C59102-65C3-4267-AC93-8ED223ADA3E4}"
EndProject
Project("{FAE04EC0-301F-11D3-BF4B-00C04F79EFBC}") = "Task30", "Webinar4\Task30\Task30.csproj", "{704A2B65-E234-4F1E-98BB-973EF74AAF2B}"
EndProject
Project("{FAE04EC0-301F-11D3-BF4B-00C04F79EFBC}") = "Work25", "Homework4\Work25\Work25.csproj", "{63C11863-F11E-4607-A853-6D3A35C00DA7}"
EndProject
Project("{FAE04EC0-301F-11D3-BF4B-00C04F79EFBC}") = "Work27", "Homework4\Work27\Work27.csproj", "{FABFBE1A-8F68-4EE2-80AA-B59F9CCF5173}"
EndProject
Project("{FAE04EC0-301F-11D3-BF4B-00C04F79EFBC}") = "Work29", "Homework4\Work29\Work29.csproj", "{7A050446-FA38-42DC-972A-13CAA8626390}"
EndProject
Project("{2150E333-8FDC-42A3-9474-1A3956D46DE8}") = "ExtSolution1", "ExtSolution1", "{A8DD74FA-90C3-40A4-AF68-8A9953DCDA08}"
EndProject
Project("{2150E333-8FDC-42A3-9474-1A3956D46DE8}") = "ExtSolution2", "ExtSolution2", "{9A0E52AA-6099-41A7-A87C-F5468A95A928}"
EndProject
Project("{FAE04EC0-301F-11D3-BF4B-00C04F79EFBC}") = "ReadKey", "ExtSolution1\ReadKey\ReadKey.csproj", "{4C12FC1F-82FA-4284-8C9F-81C91FB81CDE}"
EndProject
Project("{FAE04EC0-301F-11D3-BF4B-00C04F79EFBC}") = "Task17", "Webinar3\Task17\Task17.csproj", "{BA12EF24-629F-48C5-9009-1E2C124077E8}"
EndProject
Project("{2150E333-8FDC-42A3-9474-1A3956D46DE8}") = "Webinar5", "Webinar5", "{84241EE6-82E6-446E-9803-3CDC88F173DB}"
EndProject
Project("{FAE04EC0-301F-11D3-BF4B-00C04F79EFBC}") = "Task31", "Webinar5\Task31\Task31.csproj", "{F5EBFC87-A656-4BF7-9E3F-2E68B614CDDA}"
EndProject
Project("{FAE04EC0-301F-11D3-BF4B-00C04F79EFBC}") = "Task32", "Webinar5\Task32\Task32.csproj", "{824C5A11-88BE-4DE7-BB90-4D0999B6C23E}"
EndProject
Project("{FAE04EC0-301F-11D3-BF4B-00C04F79EFBC}") = "Task33", "Webinar5\Task33\Task33.csproj", "{97D194F6-A2CC-49FB-80A7-FA84EDAB11B6}"
EndProject
Project("{FAE04EC0-301F-11D3-BF4B-00C04F79EFBC}") = "Task35", "Webinar5\Task35\Task35.csproj", "{F7BCB966-751E-47EE-AAD8-D3BB2C8167D5}"
EndProject
Project("{FAE04EC0-301F-11D3-BF4B-00C04F79EFBC}") = "Task37", "Webinar5\Task37\Task37.csproj", "{57FB7C34-834C-41F5-8723-E0C52C536411}"
EndProject
Global
	GlobalSection(SolutionConfigurationPlatforms) = preSolution
		Debug|Any CPU = Debug|Any CPU
		Release|Any CPU = Release|Any CPU
	EndGlobalSection
	GlobalSection(ProjectConfigurationPlatforms) = postSolution
		{D74AA78A-3178-4656-828C-8A051C1F1FF1}.Debug|Any CPU.ActiveCfg = Debug|Any CPU
		{D74AA78A-3178-4656-828C-8A051C1F1FF1}.Debug|Any CPU.Build.0 = Debug|Any CPU
		{D74AA78A-3178-4656-828C-8A051C1F1FF1}.Release|Any CPU.ActiveCfg = Release|Any CPU
		{D74AA78A-3178-4656-828C-8A051C1F1FF1}.Release|Any CPU.Build.0 = Release|Any CPU
		{B3FFE4A0-B4E6-49EA-B780-3953BC3BCECA}.Debug|Any CPU.ActiveCfg = Debug|Any CPU
		{B3FFE4A0-B4E6-49EA-B780-3953BC3BCECA}.Debug|Any CPU.Build.0 = Debug|Any CPU
		{B3FFE4A0-B4E6-49EA-B780-3953BC3BCECA}.Release|Any CPU.ActiveCfg = Release|Any CPU
		{B3FFE4A0-B4E6-49EA-B780-3953BC3BCECA}.Release|Any CPU.Build.0 = Release|Any CPU
		{2E2ED9F6-1D64-4652-9E82-B248F0B365FD}.Debug|Any CPU.ActiveCfg = Debug|Any CPU
		{2E2ED9F6-1D64-4652-9E82-B248F0B365FD}.Debug|Any CPU.Build.0 = Debug|Any CPU
		{2E2ED9F6-1D64-4652-9E82-B248F0B365FD}.Release|Any CPU.ActiveCfg = Release|Any CPU
		{2E2ED9F6-1D64-4652-9E82-B248F0B365FD}.Release|Any CPU.Build.0 = Release|Any CPU
		{B165EAB1-2E52-41D4-87C0-1E2303969468}.Debug|Any CPU.ActiveCfg = Debug|Any CPU
		{B165EAB1-2E52-41D4-87C0-1E2303969468}.Debug|Any CPU.Build.0 = Debug|Any CPU
		{B165EAB1-2E52-41D4-87C0-1E2303969468}.Release|Any CPU.ActiveCfg = Release|Any CPU
		{B165EAB1-2E52-41D4-87C0-1E2303969468}.Release|Any CPU.Build.0 = Release|Any CPU
		{3A011990-A55F-4E0B-97B5-E64EE1DDA84B}.Debug|Any CPU.ActiveCfg = Debug|Any CPU
		{3A011990-A55F-4E0B-97B5-E64EE1DDA84B}.Debug|Any CPU.Build.0 = Debug|Any CPU
		{3A011990-A55F-4E0B-97B5-E64EE1DDA84B}.Release|Any CPU.ActiveCfg = Release|Any CPU
		{3A011990-A55F-4E0B-97B5-E64EE1DDA84B}.Release|Any CPU.Build.0 = Release|Any CPU
		{DB9F4F33-C902-4C01-B53A-2C23C8ABF790}.Debug|Any CPU.ActiveCfg = Debug|Any CPU
		{DB9F4F33-C902-4C01-B53A-2C23C8ABF790}.Debug|Any CPU.Build.0 = Debug|Any CPU
		{DB9F4F33-C902-4C01-B53A-2C23C8ABF790}.Release|Any CPU.ActiveCfg = Release|Any CPU
		{DB9F4F33-C902-4C01-B53A-2C23C8ABF790}.Release|Any CPU.Build.0 = Release|Any CPU
		{9C83B633-B669-4FA5-B0E9-0D21F93B7E2B}.Debug|Any CPU.ActiveCfg = Debug|Any CPU
		{9C83B633-B669-4FA5-B0E9-0D21F93B7E2B}.Debug|Any CPU.Build.0 = Debug|Any CPU
		{9C83B633-B669-4FA5-B0E9-0D21F93B7E2B}.Release|Any CPU.ActiveCfg = Release|Any CPU
		{9C83B633-B669-4FA5-B0E9-0D21F93B7E2B}.Release|Any CPU.Build.0 = Release|Any CPU
		{1D39A938-5744-44EA-981B-0A6AFEC03D72}.Debug|Any CPU.ActiveCfg = Debug|Any CPU
		{1D39A938-5744-44EA-981B-0A6AFEC03D72}.Debug|Any CPU.Build.0 = Debug|Any CPU
		{1D39A938-5744-44EA-981B-0A6AFEC03D72}.Release|Any CPU.ActiveCfg = Release|Any CPU
		{1D39A938-5744-44EA-981B-0A6AFEC03D72}.Release|Any CPU.Build.0 = Release|Any CPU
		{8807FC70-E04A-450D-B13C-DB0F0AF9759C}.Debug|Any CPU.ActiveCfg = Debug|Any CPU
		{8807FC70-E04A-450D-B13C-DB0F0AF9759C}.Debug|Any CPU.Build.0 = Debug|Any CPU
		{8807FC70-E04A-450D-B13C-DB0F0AF9759C}.Release|Any CPU.ActiveCfg = Release|Any CPU
		{8807FC70-E04A-450D-B13C-DB0F0AF9759C}.Release|Any CPU.Build.0 = Release|Any CPU
		{A684393A-0C92-4886-8B15-3BECE7923A08}.Debug|Any CPU.ActiveCfg = Debug|Any CPU
		{A684393A-0C92-4886-8B15-3BECE7923A08}.Debug|Any CPU.Build.0 = Debug|Any CPU
		{A684393A-0C92-4886-8B15-3BECE7923A08}.Release|Any CPU.ActiveCfg = Release|Any CPU
		{A684393A-0C92-4886-8B15-3BECE7923A08}.Release|Any CPU.Build.0 = Release|Any CPU
		{58684942-A657-4079-A5DC-43FC6BE5DD45}.Debug|Any CPU.ActiveCfg = Debug|Any CPU
		{58684942-A657-4079-A5DC-43FC6BE5DD45}.Debug|Any CPU.Build.0 = Debug|Any CPU
		{58684942-A657-4079-A5DC-43FC6BE5DD45}.Release|Any CPU.ActiveCfg = Release|Any CPU
		{58684942-A657-4079-A5DC-43FC6BE5DD45}.Release|Any CPU.Build.0 = Release|Any CPU
		{97F669CF-CF1C-44A1-AE4D-80B85CCFB896}.Debug|Any CPU.ActiveCfg = Debug|Any CPU
		{97F669CF-CF1C-44A1-AE4D-80B85CCFB896}.Debug|Any CPU.Build.0 = Debug|Any CPU
		{97F669CF-CF1C-44A1-AE4D-80B85CCFB896}.Release|Any CPU.ActiveCfg = Release|Any CPU
		{97F669CF-CF1C-44A1-AE4D-80B85CCFB896}.Release|Any CPU.Build.0 = Release|Any CPU
		{55D0C25B-823C-4FD8-9396-5DCB449FC52A}.Debug|Any CPU.ActiveCfg = Debug|Any CPU
		{55D0C25B-823C-4FD8-9396-5DCB449FC52A}.Debug|Any CPU.Build.0 = Debug|Any CPU
		{55D0C25B-823C-4FD8-9396-5DCB449FC52A}.Release|Any CPU.ActiveCfg = Release|Any CPU
		{55D0C25B-823C-4FD8-9396-5DCB449FC52A}.Release|Any CPU.Build.0 = Release|Any CPU
		{972219CD-B6C4-40B5-857B-608FA58788A2}.Debug|Any CPU.ActiveCfg = Debug|Any CPU
		{972219CD-B6C4-40B5-857B-608FA58788A2}.Debug|Any CPU.Build.0 = Debug|Any CPU
		{972219CD-B6C4-40B5-857B-608FA58788A2}.Release|Any CPU.ActiveCfg = Release|Any CPU
		{972219CD-B6C4-40B5-857B-608FA58788A2}.Release|Any CPU.Build.0 = Release|Any CPU
		{29FED189-6920-4F35-90D4-7CF79BE7D739}.Debug|Any CPU.ActiveCfg = Debug|Any CPU
		{29FED189-6920-4F35-90D4-7CF79BE7D739}.Debug|Any CPU.Build.0 = Debug|Any CPU
		{29FED189-6920-4F35-90D4-7CF79BE7D739}.Release|Any CPU.ActiveCfg = Release|Any CPU
		{29FED189-6920-4F35-90D4-7CF79BE7D739}.Release|Any CPU.Build.0 = Release|Any CPU
		{0ABB5E7F-81B8-4D28-9FC4-C873C059551F}.Debug|Any CPU.ActiveCfg = Debug|Any CPU
		{0ABB5E7F-81B8-4D28-9FC4-C873C059551F}.Debug|Any CPU.Build.0 = Debug|Any CPU
		{0ABB5E7F-81B8-4D28-9FC4-C873C059551F}.Release|Any CPU.ActiveCfg = Release|Any CPU
		{0ABB5E7F-81B8-4D28-9FC4-C873C059551F}.Release|Any CPU.Build.0 = Release|Any CPU
		{BEA30B19-8678-4FED-AA17-B1A06320429A}.Debug|Any CPU.ActiveCfg = Debug|Any CPU
		{BEA30B19-8678-4FED-AA17-B1A06320429A}.Debug|Any CPU.Build.0 = Debug|Any CPU
		{BEA30B19-8678-4FED-AA17-B1A06320429A}.Release|Any CPU.ActiveCfg = Release|Any CPU
		{BEA30B19-8678-4FED-AA17-B1A06320429A}.Release|Any CPU.Build.0 = Release|Any CPU
		{5957E562-C1A9-4CC0-8B68-2044327B70D4}.Debug|Any CPU.ActiveCfg = Debug|Any CPU
		{5957E562-C1A9-4CC0-8B68-2044327B70D4}.Debug|Any CPU.Build.0 = Debug|Any CPU
		{5957E562-C1A9-4CC0-8B68-2044327B70D4}.Release|Any CPU.ActiveCfg = Release|Any CPU
		{5957E562-C1A9-4CC0-8B68-2044327B70D4}.Release|Any CPU.Build.0 = Release|Any CPU
		{1C3B250F-E4D7-4798-90EA-5FFA54F8652B}.Debug|Any CPU.ActiveCfg = Debug|Any CPU
		{1C3B250F-E4D7-4798-90EA-5FFA54F8652B}.Debug|Any CPU.Build.0 = Debug|Any CPU
		{1C3B250F-E4D7-4798-90EA-5FFA54F8652B}.Release|Any CPU.ActiveCfg = Release|Any CPU
		{1C3B250F-E4D7-4798-90EA-5FFA54F8652B}.Release|Any CPU.Build.0 = Release|Any CPU
		{5969319E-EF34-4720-BCB1-6CA87BE4A5B9}.Debug|Any CPU.ActiveCfg = Debug|Any CPU
		{5969319E-EF34-4720-BCB1-6CA87BE4A5B9}.Debug|Any CPU.Build.0 = Debug|Any CPU
		{5969319E-EF34-4720-BCB1-6CA87BE4A5B9}.Release|Any CPU.ActiveCfg = Release|Any CPU
		{5969319E-EF34-4720-BCB1-6CA87BE4A5B9}.Release|Any CPU.Build.0 = Release|Any CPU
		{A33637DF-0D18-4C81-9545-43CB7A72986C}.Debug|Any CPU.ActiveCfg = Debug|Any CPU
		{A33637DF-0D18-4C81-9545-43CB7A72986C}.Debug|Any CPU.Build.0 = Debug|Any CPU
		{A33637DF-0D18-4C81-9545-43CB7A72986C}.Release|Any CPU.ActiveCfg = Release|Any CPU
		{A33637DF-0D18-4C81-9545-43CB7A72986C}.Release|Any CPU.Build.0 = Release|Any CPU
		{4FCA7DA0-3616-4CBD-88FE-A133845849B2}.Debug|Any CPU.ActiveCfg = Debug|Any CPU
		{4FCA7DA0-3616-4CBD-88FE-A133845849B2}.Debug|Any CPU.Build.0 = Debug|Any CPU
		{4FCA7DA0-3616-4CBD-88FE-A133845849B2}.Release|Any CPU.ActiveCfg = Release|Any CPU
		{4FCA7DA0-3616-4CBD-88FE-A133845849B2}.Release|Any CPU.Build.0 = Release|Any CPU
		{4471A81D-DAF7-4FE5-B540-E81E9EFCDFA2}.Debug|Any CPU.ActiveCfg = Debug|Any CPU
		{4471A81D-DAF7-4FE5-B540-E81E9EFCDFA2}.Debug|Any CPU.Build.0 = Debug|Any CPU
		{4471A81D-DAF7-4FE5-B540-E81E9EFCDFA2}.Release|Any CPU.ActiveCfg = Release|Any CPU
		{4471A81D-DAF7-4FE5-B540-E81E9EFCDFA2}.Release|Any CPU.Build.0 = Release|Any CPU
		{E2281113-3718-4DB3-B00D-EF71D2DB7790}.Debug|Any CPU.ActiveCfg = Debug|Any CPU
		{E2281113-3718-4DB3-B00D-EF71D2DB7790}.Debug|Any CPU.Build.0 = Debug|Any CPU
		{E2281113-3718-4DB3-B00D-EF71D2DB7790}.Release|Any CPU.ActiveCfg = Release|Any CPU
		{E2281113-3718-4DB3-B00D-EF71D2DB7790}.Release|Any CPU.Build.0 = Release|Any CPU
		{039F29BB-0A47-4FE5-8BE6-012272525465}.Debug|Any CPU.ActiveCfg = Debug|Any CPU
		{039F29BB-0A47-4FE5-8BE6-012272525465}.Debug|Any CPU.Build.0 = Debug|Any CPU
		{039F29BB-0A47-4FE5-8BE6-012272525465}.Release|Any CPU.ActiveCfg = Release|Any CPU
		{039F29BB-0A47-4FE5-8BE6-012272525465}.Release|Any CPU.Build.0 = Release|Any CPU
		{C90D3C06-E2D8-4709-890F-B2D2BBA365BF}.Debug|Any CPU.ActiveCfg = Debug|Any CPU
		{C90D3C06-E2D8-4709-890F-B2D2BBA365BF}.Debug|Any CPU.Build.0 = Debug|Any CPU
		{C90D3C06-E2D8-4709-890F-B2D2BBA365BF}.Release|Any CPU.ActiveCfg = Release|Any CPU
		{C90D3C06-E2D8-4709-890F-B2D2BBA365BF}.Release|Any CPU.Build.0 = Release|Any CPU
		{C6CCABC4-2421-457B-8915-32F783A59460}.Debug|Any CPU.ActiveCfg = Debug|Any CPU
		{C6CCABC4-2421-457B-8915-32F783A59460}.Debug|Any CPU.Build.0 = Debug|Any CPU
		{C6CCABC4-2421-457B-8915-32F783A59460}.Release|Any CPU.ActiveCfg = Release|Any CPU
		{C6CCABC4-2421-457B-8915-32F783A59460}.Release|Any CPU.Build.0 = Release|Any CPU
		{F8C97020-E954-4C92-9068-5DEB287DB43C}.Debug|Any CPU.ActiveCfg = Debug|Any CPU
		{F8C97020-E954-4C92-9068-5DEB287DB43C}.Debug|Any CPU.Build.0 = Debug|Any CPU
		{F8C97020-E954-4C92-9068-5DEB287DB43C}.Release|Any CPU.ActiveCfg = Release|Any CPU
		{F8C97020-E954-4C92-9068-5DEB287DB43C}.Release|Any CPU.Build.0 = Release|Any CPU
		{9BEFD6E1-66FE-47E9-B73A-4839C9C88FA1}.Debug|Any CPU.ActiveCfg = Debug|Any CPU
		{9BEFD6E1-66FE-47E9-B73A-4839C9C88FA1}.Debug|Any CPU.Build.0 = Debug|Any CPU
		{9BEFD6E1-66FE-47E9-B73A-4839C9C88FA1}.Release|Any CPU.ActiveCfg = Release|Any CPU
		{9BEFD6E1-66FE-47E9-B73A-4839C9C88FA1}.Release|Any CPU.Build.0 = Release|Any CPU
		{82EC867B-4BEF-48D4-8C15-329E5F73DE97}.Debug|Any CPU.ActiveCfg = Debug|Any CPU
		{82EC867B-4BEF-48D4-8C15-329E5F73DE97}.Debug|Any CPU.Build.0 = Debug|Any CPU
		{82EC867B-4BEF-48D4-8C15-329E5F73DE97}.Release|Any CPU.ActiveCfg = Release|Any CPU
		{82EC867B-4BEF-48D4-8C15-329E5F73DE97}.Release|Any CPU.Build.0 = Release|Any CPU
		{7B63BBF3-94BB-44A0-8110-B19876EBCA63}.Debug|Any CPU.ActiveCfg = Debug|Any CPU
		{7B63BBF3-94BB-44A0-8110-B19876EBCA63}.Debug|Any CPU.Build.0 = Debug|Any CPU
		{7B63BBF3-94BB-44A0-8110-B19876EBCA63}.Release|Any CPU.ActiveCfg = Release|Any CPU
		{7B63BBF3-94BB-44A0-8110-B19876EBCA63}.Release|Any CPU.Build.0 = Release|Any CPU
		{93C59102-65C3-4267-AC93-8ED223ADA3E4}.Debug|Any CPU.ActiveCfg = Debug|Any CPU
		{93C59102-65C3-4267-AC93-8ED223ADA3E4}.Debug|Any CPU.Build.0 = Debug|Any CPU
		{93C59102-65C3-4267-AC93-8ED223ADA3E4}.Release|Any CPU.ActiveCfg = Release|Any CPU
		{93C59102-65C3-4267-AC93-8ED223ADA3E4}.Release|Any CPU.Build.0 = Release|Any CPU
		{704A2B65-E234-4F1E-98BB-973EF74AAF2B}.Debug|Any CPU.ActiveCfg = Debug|Any CPU
		{704A2B65-E234-4F1E-98BB-973EF74AAF2B}.Debug|Any CPU.Build.0 = Debug|Any CPU
		{704A2B65-E234-4F1E-98BB-973EF74AAF2B}.Release|Any CPU.ActiveCfg = Release|Any CPU
		{704A2B65-E234-4F1E-98BB-973EF74AAF2B}.Release|Any CPU.Build.0 = Release|Any CPU
		{63C11863-F11E-4607-A853-6D3A35C00DA7}.Debug|Any CPU.ActiveCfg = Debug|Any CPU
		{63C11863-F11E-4607-A853-6D3A35C00DA7}.Debug|Any CPU.Build.0 = Debug|Any CPU
		{63C11863-F11E-4607-A853-6D3A35C00DA7}.Release|Any CPU.ActiveCfg = Release|Any CPU
		{63C11863-F11E-4607-A853-6D3A35C00DA7}.Release|Any CPU.Build.0 = Release|Any CPU
		{FABFBE1A-8F68-4EE2-80AA-B59F9CCF5173}.Debug|Any CPU.ActiveCfg = Debug|Any CPU
		{FABFBE1A-8F68-4EE2-80AA-B59F9CCF5173}.Debug|Any CPU.Build.0 = Debug|Any CPU
		{FABFBE1A-8F68-4EE2-80AA-B59F9CCF5173}.Release|Any CPU.ActiveCfg = Release|Any CPU
		{FABFBE1A-8F68-4EE2-80AA-B59F9CCF5173}.Release|Any CPU.Build.0 = Release|Any CPU
		{7A050446-FA38-42DC-972A-13CAA8626390}.Debug|Any CPU.ActiveCfg = Debug|Any CPU
		{7A050446-FA38-42DC-972A-13CAA8626390}.Debug|Any CPU.Build.0 = Debug|Any CPU
		{7A050446-FA38-42DC-972A-13CAA8626390}.Release|Any CPU.ActiveCfg = Release|Any CPU
		{7A050446-FA38-42DC-972A-13CAA8626390}.Release|Any CPU.Build.0 = Release|Any CPU
		{4C12FC1F-82FA-4284-8C9F-81C91FB81CDE}.Debug|Any CPU.ActiveCfg = Debug|Any CPU
		{4C12FC1F-82FA-4284-8C9F-81C91FB81CDE}.Debug|Any CPU.Build.0 = Debug|Any CPU
		{4C12FC1F-82FA-4284-8C9F-81C91FB81CDE}.Release|Any CPU.ActiveCfg = Release|Any CPU
		{4C12FC1F-82FA-4284-8C9F-81C91FB81CDE}.Release|Any CPU.Build.0 = Release|Any CPU
		{BA12EF24-629F-48C5-9009-1E2C124077E8}.Debug|Any CPU.ActiveCfg = Debug|Any CPU
		{BA12EF24-629F-48C5-9009-1E2C124077E8}.Debug|Any CPU.Build.0 = Debug|Any CPU
		{BA12EF24-629F-48C5-9009-1E2C124077E8}.Release|Any CPU.ActiveCfg = Release|Any CPU
		{BA12EF24-629F-48C5-9009-1E2C124077E8}.Release|Any CPU.Build.0 = Release|Any CPU
		{F5EBFC87-A656-4BF7-9E3F-2E68B614CDDA}.Debug|Any CPU.ActiveCfg = Debug|Any CPU
		{F5EBFC87-A656-4BF7-9E3F-2E68B614CDDA}.Debug|Any CPU.Build.0 = Debug|Any CPU
		{F5EBFC87-A656-4BF7-9E3F-2E68B614CDDA}.Release|Any CPU.ActiveCfg = Release|Any CPU
		{F5EBFC87-A656-4BF7-9E3F-2E68B614CDDA}.Release|Any CPU.Build.0 = Release|Any CPU
		{824C5A11-88BE-4DE7-BB90-4D0999B6C23E}.Debug|Any CPU.ActiveCfg = Debug|Any CPU
		{824C5A11-88BE-4DE7-BB90-4D0999B6C23E}.Debug|Any CPU.Build.0 = Debug|Any CPU
		{824C5A11-88BE-4DE7-BB90-4D0999B6C23E}.Release|Any CPU.ActiveCfg = Release|Any CPU
		{824C5A11-88BE-4DE7-BB90-4D0999B6C23E}.Release|Any CPU.Build.0 = Release|Any CPU
		{97D194F6-A2CC-49FB-80A7-FA84EDAB11B6}.Debug|Any CPU.ActiveCfg = Debug|Any CPU
		{97D194F6-A2CC-49FB-80A7-FA84EDAB11B6}.Debug|Any CPU.Build.0 = Debug|Any CPU
		{97D194F6-A2CC-49FB-80A7-FA84EDAB11B6}.Release|Any CPU.ActiveCfg = Release|Any CPU
		{97D194F6-A2CC-49FB-80A7-FA84EDAB11B6}.Release|Any CPU.Build.0 = Release|Any CPU
		{F7BCB966-751E-47EE-AAD8-D3BB2C8167D5}.Debug|Any CPU.ActiveCfg = Debug|Any CPU
		{F7BCB966-751E-47EE-AAD8-D3BB2C8167D5}.Debug|Any CPU.Build.0 = Debug|Any CPU
		{F7BCB966-751E-47EE-AAD8-D3BB2C8167D5}.Release|Any CPU.ActiveCfg = Release|Any CPU
		{F7BCB966-751E-47EE-AAD8-D3BB2C8167D5}.Release|Any CPU.Build.0 = Release|Any CPU
		{57FB7C34-834C-41F5-8723-E0C52C536411}.Debug|Any CPU.ActiveCfg = Debug|Any CPU
		{57FB7C34-834C-41F5-8723-E0C52C536411}.Debug|Any CPU.Build.0 = Debug|Any CPU
		{57FB7C34-834C-41F5-8723-E0C52C536411}.Release|Any CPU.ActiveCfg = Release|Any CPU
		{57FB7C34-834C-41F5-8723-E0C52C536411}.Release|Any CPU.Build.0 = Release|Any CPU
	EndGlobalSection
	GlobalSection(NestedProjects) = preSolution
		{3A011990-A55F-4E0B-97B5-E64EE1DDA84B} = {E598B1EB-4961-44B7-88E9-2104150B145B}
		{DB9F4F33-C902-4C01-B53A-2C23C8ABF790} = {E598B1EB-4961-44B7-88E9-2104150B145B}
		{9C83B633-B669-4FA5-B0E9-0D21F93B7E2B} = {E598B1EB-4961-44B7-88E9-2104150B145B}
		{1D39A938-5744-44EA-981B-0A6AFEC03D72} = {E598B1EB-4961-44B7-88E9-2104150B145B}
		{8807FC70-E04A-450D-B13C-DB0F0AF9759C} = {E598B1EB-4961-44B7-88E9-2104150B145B}
		{A684393A-0C92-4886-8B15-3BECE7923A08} = {E598B1EB-4961-44B7-88E9-2104150B145B}
		{58684942-A657-4079-A5DC-43FC6BE5DD45} = {E598B1EB-4961-44B7-88E9-2104150B145B}
		{D74AA78A-3178-4656-828C-8A051C1F1FF1} = {DEF31D67-BBAF-4B20-AA60-435FCAE2A191}
		{B3FFE4A0-B4E6-49EA-B780-3953BC3BCECA} = {DEF31D67-BBAF-4B20-AA60-435FCAE2A191}
		{2E2ED9F6-1D64-4652-9E82-B248F0B365FD} = {DEF31D67-BBAF-4B20-AA60-435FCAE2A191}
		{B165EAB1-2E52-41D4-87C0-1E2303969468} = {DEF31D67-BBAF-4B20-AA60-435FCAE2A191}
		{97F669CF-CF1C-44A1-AE4D-80B85CCFB896} = {4E8C9339-C715-48C1-A4FA-A92D0F48C6B4}
		{55D0C25B-823C-4FD8-9396-5DCB449FC52A} = {4E8C9339-C715-48C1-A4FA-A92D0F48C6B4}
		{972219CD-B6C4-40B5-857B-608FA58788A2} = {4E8C9339-C715-48C1-A4FA-A92D0F48C6B4}
		{29FED189-6920-4F35-90D4-7CF79BE7D739} = {4E8C9339-C715-48C1-A4FA-A92D0F48C6B4}
		{0ABB5E7F-81B8-4D28-9FC4-C873C059551F} = {4E8C9339-C715-48C1-A4FA-A92D0F48C6B4}
		{BEA30B19-8678-4FED-AA17-B1A06320429A} = {9FF424F3-4B43-43A7-BA8D-089F69D2A19A}
		{5957E562-C1A9-4CC0-8B68-2044327B70D4} = {9FF424F3-4B43-43A7-BA8D-089F69D2A19A}
		{1C3B250F-E4D7-4798-90EA-5FFA54F8652B} = {9FF424F3-4B43-43A7-BA8D-089F69D2A19A}
		{5969319E-EF34-4720-BCB1-6CA87BE4A5B9} = {583A39CC-D1D9-472D-9AA2-C758330C1B20}
		{A33637DF-0D18-4C81-9545-43CB7A72986C} = {583A39CC-D1D9-472D-9AA2-C758330C1B20}
		{4FCA7DA0-3616-4CBD-88FE-A133845849B2} = {583A39CC-D1D9-472D-9AA2-C758330C1B20}
		{4471A81D-DAF7-4FE5-B540-E81E9EFCDFA2} = {583A39CC-D1D9-472D-9AA2-C758330C1B20}
		{E2281113-3718-4DB3-B00D-EF71D2DB7790} = {5ACA3565-3DB0-46D1-BE3A-470042EFEBD5}
		{039F29BB-0A47-4FE5-8BE6-012272525465} = {5ACA3565-3DB0-46D1-BE3A-470042EFEBD5}
		{C90D3C06-E2D8-4709-890F-B2D2BBA365BF} = {5ACA3565-3DB0-46D1-BE3A-470042EFEBD5}
		{C6CCABC4-2421-457B-8915-32F783A59460} = {7BB35C7C-33A4-4C55-BBAA-97176ECBB7B1}
		{F8C97020-E954-4C92-9068-5DEB287DB43C} = {7BB35C7C-33A4-4C55-BBAA-97176ECBB7B1}
		{9BEFD6E1-66FE-47E9-B73A-4839C9C88FA1} = {7BB35C7C-33A4-4C55-BBAA-97176ECBB7B1}
		{82EC867B-4BEF-48D4-8C15-329E5F73DE97} = {0F4D0DED-21E5-48FA-98EE-EDB8874B3FD2}
		{7B63BBF3-94BB-44A0-8110-B19876EBCA63} = {0F4D0DED-21E5-48FA-98EE-EDB8874B3FD2}
		{93C59102-65C3-4267-AC93-8ED223ADA3E4} = {0F4D0DED-21E5-48FA-98EE-EDB8874B3FD2}
		{704A2B65-E234-4F1E-98BB-973EF74AAF2B} = {0F4D0DED-21E5-48FA-98EE-EDB8874B3FD2}
		{63C11863-F11E-4607-A853-6D3A35C00DA7} = {0A3FBFEE-D3AE-4093-AB12-2C008F32B517}
		{FABFBE1A-8F68-4EE2-80AA-B59F9CCF5173} = {0A3FBFEE-D3AE-4093-AB12-2C008F32B517}
		{7A050446-FA38-42DC-972A-13CAA8626390} = {0A3FBFEE-D3AE-4093-AB12-2C008F32B517}
		{4C12FC1F-82FA-4284-8C9F-81C91FB81CDE} = {A8DD74FA-90C3-40A4-AF68-8A9953DCDA08}
		{BA12EF24-629F-48C5-9009-1E2C124077E8} = {8E9FD0E8-13FA-4D42-9CD2-13EE5D8515DB}
		{F5EBFC87-A656-4BF7-9E3F-2E68B614CDDA} = {84241EE6-82E6-446E-9803-3CDC88F173DB}
		{824C5A11-88BE-4DE7-BB90-4D0999B6C23E} = {84241EE6-82E6-446E-9803-3CDC88F173DB}
		{97D194F6-A2CC-49FB-80A7-FA84EDAB11B6} = {84241EE6-82E6-446E-9803-3CDC88F173DB}
		{F7BCB966-751E-47EE-AAD8-D3BB2C8167D5} = {84241EE6-82E6-446E-9803-3CDC88F173DB}
		{57FB7C34-834C-41F5-8723-E0C52C536411} = {84241EE6-82E6-446E-9803-3CDC88F173DB}
	EndGlobalSection
EndGlobal
